{
  "version": 4,
  "terraform_version": "1.5.3",
  "serial": 15,
  "lineage": "c4b673e1-4276-50c6-e4b1-75c875d5fcf3",
  "outputs": {
    "external_ip_address_node01": {
      "value": "158.160.96.250",
      "type": "string"
    },
    "external_ip_address_node02": {
      "value": "158.160.99.140",
      "type": "string"
    },
    "external_ip_address_node03": {
      "value": "158.160.102.238",
      "type": "string"
    },
    "external_ip_address_node04": {
      "value": "158.160.117.13",
      "type": "string"
    },
    "external_ip_address_node05": {
      "value": "158.160.114.64",
      "type": "string"
    },
    "external_ip_address_node06": {
      "value": "158.160.112.194",
      "type": "string"
    },
    "internal_ip_address_node01": {
      "value": "192.168.101.11",
      "type": "string"
    },
    "internal_ip_address_node02": {
      "value": "192.168.101.12",
      "type": "string"
    },
    "internal_ip_address_node03": {
      "value": "192.168.101.13",
      "type": "string"
    },
    "internal_ip_address_node04": {
      "value": "192.168.101.14",
      "type": "string"
    },
    "internal_ip_address_node05": {
      "value": "192.168.101.15",
      "type": "string"
    },
    "internal_ip_address_node06": {
      "value": "192.168.101.16",
      "type": "string"
    }
  },
  "resources": [
    {
      "mode": "managed",
      "type": "local_file",
      "name": "inventory",
      "provider": "provider[\"registry.terraform.io/hashicorp/local\"]",
      "instances": [
        {
          "schema_version": 0,
          "attributes": {
            "content": "# Ansible inventory containing variable values from Terraform.\n# Generated by Terraform.\n\n[nodes:children]\nmanagers\nworkers\n\n[managers:children]\nactive\nstandby\n\n[active]\nnode01.netology.yc ansible_host=158.160.96.250\n\n[standby]\nnode02.netology.yc ansible_host=158.160.99.140\nnode03.netology.yc ansible_host=158.160.102.238\n\n[workers]\nnode04.netology.yc ansible_host=158.160.117.13\nnode05.netology.yc ansible_host=158.160.114.64\nnode06.netology.yc ansible_host=158.160.112.194\n",
            "content_base64": null,
            "content_base64sha256": "HMhuTbN1Qq/D69yHdhJfR7sjBAcbdjZWpNvKB2SHtV0=",
            "content_base64sha512": "MGf1uF8PifNkyHoWC+f8Fc/pmqoa9ebu19UrXlkMCv3FL6yPuI9hhbwVIxtdheKZ6zrWUcAnJGDHTq77TXis6A==",
            "content_md5": "9eec9e570604c476f4f05101de233053",
            "content_sha1": "23130ef34f3da91fc81fa78442492950648dc8ff",
            "content_sha256": "1cc86e4db37542afc3ebdc8776125f47bb2304071b763656a4dbca076487b55d",
            "content_sha512": "3067f5b85f0f89f364c87a160be7fc15cfe99aaa1af5e6eed7d52b5e590c0afdc52fac8fb88f6185bc15231b5d85e299eb3ad651c0272460c74eaefb4d78ace8",
            "directory_permission": "0777",
            "file_permission": "0777",
            "filename": "../ansible/inventory",
            "id": "23130ef34f3da91fc81fa78442492950648dc8ff",
            "sensitive_content": null,
            "source": null
          },
          "sensitive_attributes": [],
          "dependencies": [
            "yandex_compute_instance.node01",
            "yandex_compute_instance.node02",
            "yandex_compute_instance.node03",
            "yandex_compute_instance.node04",
            "yandex_compute_instance.node05",
            "yandex_compute_instance.node06",
            "yandex_vpc_network.default",
            "yandex_vpc_subnet.default"
          ]
        }
      ]
    },
    {
      "mode": "managed",
      "type": "null_resource",
      "name": "cluster",
      "provider": "provider[\"registry.terraform.io/hashicorp/null\"]",
      "instances": [
        {
          "schema_version": 0,
          "attributes": {
            "id": "4740555945786026082",
            "triggers": null
          },
          "sensitive_attributes": [],
          "dependencies": [
            "local_file.inventory",
            "null_resource.wait",
            "yandex_compute_instance.node01",
            "yandex_compute_instance.node02",
            "yandex_compute_instance.node03",
            "yandex_compute_instance.node04",
            "yandex_compute_instance.node05",
            "yandex_compute_instance.node06",
            "yandex_vpc_network.default",
            "yandex_vpc_subnet.default"
          ]
        }
      ]
    },
    {
      "mode": "managed",
      "type": "null_resource",
      "name": "monitoring",
      "provider": "provider[\"registry.terraform.io/hashicorp/null\"]",
      "instances": [
        {
          "schema_version": 0,
          "attributes": {
            "id": "4231392823798800520",
            "triggers": null
          },
          "sensitive_attributes": [],
          "dependencies": [
            "local_file.inventory",
            "null_resource.cluster",
            "null_resource.sync",
            "null_resource.wait",
            "yandex_compute_instance.node01",
            "yandex_compute_instance.node02",
            "yandex_compute_instance.node03",
            "yandex_compute_instance.node04",
            "yandex_compute_instance.node05",
            "yandex_compute_instance.node06",
            "yandex_vpc_network.default",
            "yandex_vpc_subnet.default"
          ]
        }
      ]
    },
    {
      "mode": "managed",
      "type": "null_resource",
      "name": "sync",
      "provider": "provider[\"registry.terraform.io/hashicorp/null\"]",
      "instances": [
        {
          "schema_version": 0,
          "attributes": {
            "id": "3895967145108368518",
            "triggers": null
          },
          "sensitive_attributes": [],
          "dependencies": [
            "local_file.inventory",
            "null_resource.cluster",
            "null_resource.wait",
            "yandex_compute_instance.node01",
            "yandex_compute_instance.node02",
            "yandex_compute_instance.node03",
            "yandex_compute_instance.node04",
            "yandex_compute_instance.node05",
            "yandex_compute_instance.node06",
            "yandex_vpc_network.default",
            "yandex_vpc_subnet.default"
          ]
        }
      ]
    },
    {
      "mode": "managed",
      "type": "null_resource",
      "name": "wait",
      "provider": "provider[\"registry.terraform.io/hashicorp/null\"]",
      "instances": [
        {
          "schema_version": 0,
          "attributes": {
            "id": "3164182303201116554",
            "triggers": null
          },
          "sensitive_attributes": [],
          "dependencies": [
            "local_file.inventory",
            "yandex_compute_instance.node01",
            "yandex_compute_instance.node02",
            "yandex_compute_instance.node03",
            "yandex_compute_instance.node04",
            "yandex_compute_instance.node05",
            "yandex_compute_instance.node06",
            "yandex_vpc_network.default",
            "yandex_vpc_subnet.default"
          ]
        }
      ]
    },
    {
      "mode": "managed",
      "type": "yandex_compute_instance",
      "name": "node01",
      "provider": "provider[\"registry.terraform.io/yandex-cloud/yandex\"]",
      "instances": [
        {
          "schema_version": 1,
          "attributes": {
            "allow_recreate": null,
            "allow_stopping_for_update": true,
            "boot_disk": [
              {
                "auto_delete": true,
                "device_name": "fhme5bdflmtu9knbsq7j",
                "disk_id": "fhme5bdflmtu9knbsq7j",
                "initialize_params": [
                  {
                    "block_size": 4096,
                    "description": "",
                    "image_id": "fd8dug9jb3hl8fbv0na8",
                    "name": "root-node01",
                    "size": 10,
                    "snapshot_id": "",
                    "type": "network-ssd"
                  }
                ],
                "mode": "READ_WRITE"
              }
            ],
            "created_at": "2023-09-18T10:00:51Z",
            "description": "",
            "filesystem": [],
            "folder_id": "b1ggvhbs15psoc1vgtkc",
            "fqdn": "node01.netology.yc",
            "gpu_cluster_id": "",
            "hostname": "node01.netology.yc",
            "id": "fhm4m7k35nnefvoudu70",
            "labels": null,
            "local_disk": [],
            "metadata": {
              "ssh-keys": "centos:ssh-rsa AAAAB3NzaC1yc2EAAAADAQABAAABgQCviNBndRlq+qnafLeHTuAerZD0Dk1iq92oRyuKygbF1XhWSyt9qyHzJvpoqqzHz9ie8dQbUcPfvWz5z+V3pjxBMA8bc7fPLUvolJNH/4rdUY3/yOw1govWtKPQtFKHF7A31nSK9k/OFbU66KlKbrAbE8+MhZy2rLg4ojfK1Y4WF2qbAh952W6uf94p8w2HQ4ICGs7aG0tHh+3Ljg5U/xNCR5NY6LXdVbaLzSshJxgCIDBb8Yap8BvKl+VKtDEH/M2ted4XgbxSWaHP9GpSj5s8Tc0nIu5cKbmbmF/e1Eg3oByGKatVOJWI+XRx2NHc5QbM0PVVZmLHYP5RJjVjntiYPI7RtwR/s7hLIdMTzQvFSvmktAwe/q+vmNeanfapvb9GM46tFwQX1adw85FqoDiZhTRWsW6oSJaw5UJkJsNczqw4G3ujiu0CQyqqF4L7tscLt2Cd+1K3duUm4PtKu5kDq3bl8Ewzv30NGb5JWaAFZc9t3oG+ldCPEYOnWo+QpcE= wolin@wolinubuntu\n"
            },
            "metadata_options": [
              {
                "aws_v1_http_endpoint": 1,
                "aws_v1_http_token": 2,
                "gce_http_endpoint": 1,
                "gce_http_token": 1
              }
            ],
            "name": "node01",
            "network_acceleration_type": "standard",
            "network_interface": [
              {
                "dns_record": [],
                "index": 0,
                "ip_address": "192.168.101.11",
                "ipv4": true,
                "ipv6": false,
                "ipv6_address": "",
                "ipv6_dns_record": [],
                "mac_address": "d0:0d:4b:1e:83:2d",
                "nat": true,
                "nat_dns_record": [],
                "nat_ip_address": "158.160.96.250",
                "nat_ip_version": "IPV4",
                "security_group_ids": [],
                "subnet_id": "e9bfgsv8onotbjbb5hlc"
              }
            ],
            "placement_policy": [
              {
                "host_affinity_rules": [],
                "placement_group_id": ""
              }
            ],
            "platform_id": "standard-v1",
            "resources": [
              {
                "core_fraction": 100,
                "cores": 4,
                "gpus": 0,
                "memory": 8
              }
            ],
            "scheduling_policy": [
              {
                "preemptible": false
              }
            ],
            "secondary_disk": [],
            "service_account_id": "",
            "status": "running",
            "timeouts": null,
            "zone": "ru-central1-a"
          },
          "sensitive_attributes": [],
          "private": "eyJlMmJmYjczMC1lY2FhLTExZTYtOGY4OC0zNDM2M2JjN2M0YzAiOnsiY3JlYXRlIjozMDAwMDAwMDAwMDAsImRlbGV0ZSI6MzAwMDAwMDAwMDAwLCJ1cGRhdGUiOjMwMDAwMDAwMDAwMH0sInNjaGVtYV92ZXJzaW9uIjoiMSJ9",
          "dependencies": [
            "yandex_vpc_network.default",
            "yandex_vpc_subnet.default"
          ]
        }
      ]
    },
    {
      "mode": "managed",
      "type": "yandex_compute_instance",
      "name": "node02",
      "provider": "provider[\"registry.terraform.io/yandex-cloud/yandex\"]",
      "instances": [
        {
          "schema_version": 1,
          "attributes": {
            "allow_recreate": null,
            "allow_stopping_for_update": true,
            "boot_disk": [
              {
                "auto_delete": true,
                "device_name": "fhmqbkfqupttmb3gorm2",
                "disk_id": "fhmqbkfqupttmb3gorm2",
                "initialize_params": [
                  {
                    "block_size": 4096,
                    "description": "",
                    "image_id": "fd8dug9jb3hl8fbv0na8",
                    "name": "root-node02",
                    "size": 10,
                    "snapshot_id": "",
                    "type": "network-ssd"
                  }
                ],
                "mode": "READ_WRITE"
              }
            ],
            "created_at": "2023-09-18T10:00:51Z",
            "description": "",
            "filesystem": [],
            "folder_id": "b1ggvhbs15psoc1vgtkc",
            "fqdn": "node02.netology.yc",
            "gpu_cluster_id": "",
            "hostname": "node02.netology.yc",
            "id": "fhm2j1h481p1lao5fqk3",
            "labels": null,
            "local_disk": [],
            "metadata": {
              "ssh-keys": "centos:ssh-rsa AAAAB3NzaC1yc2EAAAADAQABAAABgQCviNBndRlq+qnafLeHTuAerZD0Dk1iq92oRyuKygbF1XhWSyt9qyHzJvpoqqzHz9ie8dQbUcPfvWz5z+V3pjxBMA8bc7fPLUvolJNH/4rdUY3/yOw1govWtKPQtFKHF7A31nSK9k/OFbU66KlKbrAbE8+MhZy2rLg4ojfK1Y4WF2qbAh952W6uf94p8w2HQ4ICGs7aG0tHh+3Ljg5U/xNCR5NY6LXdVbaLzSshJxgCIDBb8Yap8BvKl+VKtDEH/M2ted4XgbxSWaHP9GpSj5s8Tc0nIu5cKbmbmF/e1Eg3oByGKatVOJWI+XRx2NHc5QbM0PVVZmLHYP5RJjVjntiYPI7RtwR/s7hLIdMTzQvFSvmktAwe/q+vmNeanfapvb9GM46tFwQX1adw85FqoDiZhTRWsW6oSJaw5UJkJsNczqw4G3ujiu0CQyqqF4L7tscLt2Cd+1K3duUm4PtKu5kDq3bl8Ewzv30NGb5JWaAFZc9t3oG+ldCPEYOnWo+QpcE= wolin@wolinubuntu\n"
            },
            "metadata_options": [
              {
                "aws_v1_http_endpoint": 1,
                "aws_v1_http_token": 2,
                "gce_http_endpoint": 1,
                "gce_http_token": 1
              }
            ],
            "name": "node02",
            "network_acceleration_type": "standard",
            "network_interface": [
              {
                "dns_record": [],
                "index": 0,
                "ip_address": "192.168.101.12",
                "ipv4": true,
                "ipv6": false,
                "ipv6_address": "",
                "ipv6_dns_record": [],
                "mac_address": "d0:0d:29:86:24:40",
                "nat": true,
                "nat_dns_record": [],
                "nat_ip_address": "158.160.99.140",
                "nat_ip_version": "IPV4",
                "security_group_ids": [],
                "subnet_id": "e9bfgsv8onotbjbb5hlc"
              }
            ],
            "placement_policy": [
              {
                "host_affinity_rules": [],
                "placement_group_id": ""
              }
            ],
            "platform_id": "standard-v1",
            "resources": [
              {
                "core_fraction": 100,
                "cores": 4,
                "gpus": 0,
                "memory": 8
              }
            ],
            "scheduling_policy": [
              {
                "preemptible": false
              }
            ],
            "secondary_disk": [],
            "service_account_id": "",
            "status": "running",
            "timeouts": null,
            "zone": "ru-central1-a"
          },
          "sensitive_attributes": [],
          "private": "eyJlMmJmYjczMC1lY2FhLTExZTYtOGY4OC0zNDM2M2JjN2M0YzAiOnsiY3JlYXRlIjozMDAwMDAwMDAwMDAsImRlbGV0ZSI6MzAwMDAwMDAwMDAwLCJ1cGRhdGUiOjMwMDAwMDAwMDAwMH0sInNjaGVtYV92ZXJzaW9uIjoiMSJ9",
          "dependencies": [
            "yandex_vpc_network.default",
            "yandex_vpc_subnet.default"
          ]
        }
      ]
    },
    {
      "mode": "managed",
      "type": "yandex_compute_instance",
      "name": "node03",
      "provider": "provider[\"registry.terraform.io/yandex-cloud/yandex\"]",
      "instances": [
        {
          "schema_version": 1,
          "attributes": {
            "allow_recreate": null,
            "allow_stopping_for_update": true,
            "boot_disk": [
              {
                "auto_delete": true,
                "device_name": "fhm4bjqj4fqupif723bu",
                "disk_id": "fhm4bjqj4fqupif723bu",
                "initialize_params": [
                  {
                    "block_size": 4096,
                    "description": "",
                    "image_id": "fd8dug9jb3hl8fbv0na8",
                    "name": "root-node03",
                    "size": 10,
                    "snapshot_id": "",
                    "type": "network-ssd"
                  }
                ],
                "mode": "READ_WRITE"
              }
            ],
            "created_at": "2023-09-18T10:00:50Z",
            "description": "",
            "filesystem": [],
            "folder_id": "b1ggvhbs15psoc1vgtkc",
            "fqdn": "node03.netology.yc",
            "gpu_cluster_id": "",
            "hostname": "node03.netology.yc",
            "id": "fhmmit5a7nkdujv1d8h5",
            "labels": null,
            "local_disk": [],
            "metadata": {
              "ssh-keys": "centos:ssh-rsa AAAAB3NzaC1yc2EAAAADAQABAAABgQCviNBndRlq+qnafLeHTuAerZD0Dk1iq92oRyuKygbF1XhWSyt9qyHzJvpoqqzHz9ie8dQbUcPfvWz5z+V3pjxBMA8bc7fPLUvolJNH/4rdUY3/yOw1govWtKPQtFKHF7A31nSK9k/OFbU66KlKbrAbE8+MhZy2rLg4ojfK1Y4WF2qbAh952W6uf94p8w2HQ4ICGs7aG0tHh+3Ljg5U/xNCR5NY6LXdVbaLzSshJxgCIDBb8Yap8BvKl+VKtDEH/M2ted4XgbxSWaHP9GpSj5s8Tc0nIu5cKbmbmF/e1Eg3oByGKatVOJWI+XRx2NHc5QbM0PVVZmLHYP5RJjVjntiYPI7RtwR/s7hLIdMTzQvFSvmktAwe/q+vmNeanfapvb9GM46tFwQX1adw85FqoDiZhTRWsW6oSJaw5UJkJsNczqw4G3ujiu0CQyqqF4L7tscLt2Cd+1K3duUm4PtKu5kDq3bl8Ewzv30NGb5JWaAFZc9t3oG+ldCPEYOnWo+QpcE= wolin@wolinubuntu\n"
            },
            "metadata_options": [
              {
                "aws_v1_http_endpoint": 1,
                "aws_v1_http_token": 2,
                "gce_http_endpoint": 1,
                "gce_http_token": 1
              }
            ],
            "name": "node03",
            "network_acceleration_type": "standard",
            "network_interface": [
              {
                "dns_record": [],
                "index": 0,
                "ip_address": "192.168.101.13",
                "ipv4": true,
                "ipv6": false,
                "ipv6_address": "",
                "ipv6_dns_record": [],
                "mac_address": "d0:0d:16:97:4a:a3",
                "nat": true,
                "nat_dns_record": [],
                "nat_ip_address": "158.160.102.238",
                "nat_ip_version": "IPV4",
                "security_group_ids": [],
                "subnet_id": "e9bfgsv8onotbjbb5hlc"
              }
            ],
            "placement_policy": [
              {
                "host_affinity_rules": [],
                "placement_group_id": ""
              }
            ],
            "platform_id": "standard-v1",
            "resources": [
              {
                "core_fraction": 100,
                "cores": 4,
                "gpus": 0,
                "memory": 8
              }
            ],
            "scheduling_policy": [
              {
                "preemptible": false
              }
            ],
            "secondary_disk": [],
            "service_account_id": "",
            "status": "running",
            "timeouts": null,
            "zone": "ru-central1-a"
          },
          "sensitive_attributes": [],
          "private": "eyJlMmJmYjczMC1lY2FhLTExZTYtOGY4OC0zNDM2M2JjN2M0YzAiOnsiY3JlYXRlIjozMDAwMDAwMDAwMDAsImRlbGV0ZSI6MzAwMDAwMDAwMDAwLCJ1cGRhdGUiOjMwMDAwMDAwMDAwMH0sInNjaGVtYV92ZXJzaW9uIjoiMSJ9",
          "dependencies": [
            "yandex_vpc_network.default",
            "yandex_vpc_subnet.default"
          ]
        }
      ]
    },
    {
      "mode": "managed",
      "type": "yandex_compute_instance",
      "name": "node04",
      "provider": "provider[\"registry.terraform.io/yandex-cloud/yandex\"]",
      "instances": [
        {
          "schema_version": 1,
          "attributes": {
            "allow_recreate": null,
            "allow_stopping_for_update": true,
            "boot_disk": [
              {
                "auto_delete": true,
                "device_name": "fhm81dm4mf008pri8leu",
                "disk_id": "fhm81dm4mf008pri8leu",
                "initialize_params": [
                  {
                    "block_size": 4096,
                    "description": "",
                    "image_id": "fd8dug9jb3hl8fbv0na8",
                    "name": "root-node04",
                    "size": 40,
                    "snapshot_id": "",
                    "type": "network-ssd"
                  }
                ],
                "mode": "READ_WRITE"
              }
            ],
            "created_at": "2023-09-18T10:00:51Z",
            "description": "",
            "filesystem": [],
            "folder_id": "b1ggvhbs15psoc1vgtkc",
            "fqdn": "node04.netology.yc",
            "gpu_cluster_id": "",
            "hostname": "node04.netology.yc",
            "id": "fhmilb0t0gmm8jfhjtog",
            "labels": null,
            "local_disk": [],
            "metadata": {
              "ssh-keys": "centos:ssh-rsa AAAAB3NzaC1yc2EAAAADAQABAAABgQCviNBndRlq+qnafLeHTuAerZD0Dk1iq92oRyuKygbF1XhWSyt9qyHzJvpoqqzHz9ie8dQbUcPfvWz5z+V3pjxBMA8bc7fPLUvolJNH/4rdUY3/yOw1govWtKPQtFKHF7A31nSK9k/OFbU66KlKbrAbE8+MhZy2rLg4ojfK1Y4WF2qbAh952W6uf94p8w2HQ4ICGs7aG0tHh+3Ljg5U/xNCR5NY6LXdVbaLzSshJxgCIDBb8Yap8BvKl+VKtDEH/M2ted4XgbxSWaHP9GpSj5s8Tc0nIu5cKbmbmF/e1Eg3oByGKatVOJWI+XRx2NHc5QbM0PVVZmLHYP5RJjVjntiYPI7RtwR/s7hLIdMTzQvFSvmktAwe/q+vmNeanfapvb9GM46tFwQX1adw85FqoDiZhTRWsW6oSJaw5UJkJsNczqw4G3ujiu0CQyqqF4L7tscLt2Cd+1K3duUm4PtKu5kDq3bl8Ewzv30NGb5JWaAFZc9t3oG+ldCPEYOnWo+QpcE= wolin@wolinubuntu\n"
            },
            "metadata_options": [
              {
                "aws_v1_http_endpoint": 1,
                "aws_v1_http_token": 2,
                "gce_http_endpoint": 1,
                "gce_http_token": 1
              }
            ],
            "name": "node04",
            "network_acceleration_type": "standard",
            "network_interface": [
              {
                "dns_record": [],
                "index": 0,
                "ip_address": "192.168.101.14",
                "ipv4": true,
                "ipv6": false,
                "ipv6_address": "",
                "ipv6_dns_record": [],
                "mac_address": "d0:0d:12:aa:c1:d0",
                "nat": true,
                "nat_dns_record": [],
                "nat_ip_address": "158.160.117.13",
                "nat_ip_version": "IPV4",
                "security_group_ids": [],
                "subnet_id": "e9bfgsv8onotbjbb5hlc"
              }
            ],
            "placement_policy": [
              {
                "host_affinity_rules": [],
                "placement_group_id": ""
              }
            ],
            "platform_id": "standard-v1",
            "resources": [
              {
                "core_fraction": 100,
                "cores": 4,
                "gpus": 0,
                "memory": 8
              }
            ],
            "scheduling_policy": [
              {
                "preemptible": false
              }
            ],
            "secondary_disk": [],
            "service_account_id": "",
            "status": "running",
            "timeouts": null,
            "zone": "ru-central1-a"
          },
          "sensitive_attributes": [],
          "private": "eyJlMmJmYjczMC1lY2FhLTExZTYtOGY4OC0zNDM2M2JjN2M0YzAiOnsiY3JlYXRlIjozMDAwMDAwMDAwMDAsImRlbGV0ZSI6MzAwMDAwMDAwMDAwLCJ1cGRhdGUiOjMwMDAwMDAwMDAwMH0sInNjaGVtYV92ZXJzaW9uIjoiMSJ9",
          "dependencies": [
            "yandex_vpc_network.default",
            "yandex_vpc_subnet.default"
          ]
        }
      ]
    },
    {
      "mode": "managed",
      "type": "yandex_compute_instance",
      "name": "node05",
      "provider": "provider[\"registry.terraform.io/yandex-cloud/yandex\"]",
      "instances": [
        {
          "schema_version": 1,
          "attributes": {
            "allow_recreate": null,
            "allow_stopping_for_update": true,
            "boot_disk": [
              {
                "auto_delete": true,
                "device_name": "fhm42c00brn9oqo96s3a",
                "disk_id": "fhm42c00brn9oqo96s3a",
                "initialize_params": [
                  {
                    "block_size": 4096,
                    "description": "",
                    "image_id": "fd8dug9jb3hl8fbv0na8",
                    "name": "root-node05",
                    "size": 40,
                    "snapshot_id": "",
                    "type": "network-ssd"
                  }
                ],
                "mode": "READ_WRITE"
              }
            ],
            "created_at": "2023-09-18T10:00:51Z",
            "description": "",
            "filesystem": [],
            "folder_id": "b1ggvhbs15psoc1vgtkc",
            "fqdn": "node05.netology.yc",
            "gpu_cluster_id": "",
            "hostname": "node05.netology.yc",
            "id": "fhmj7vts5ed80aevrl2t",
            "labels": null,
            "local_disk": [],
            "metadata": {
              "ssh-keys": "centos:ssh-rsa AAAAB3NzaC1yc2EAAAADAQABAAABgQCviNBndRlq+qnafLeHTuAerZD0Dk1iq92oRyuKygbF1XhWSyt9qyHzJvpoqqzHz9ie8dQbUcPfvWz5z+V3pjxBMA8bc7fPLUvolJNH/4rdUY3/yOw1govWtKPQtFKHF7A31nSK9k/OFbU66KlKbrAbE8+MhZy2rLg4ojfK1Y4WF2qbAh952W6uf94p8w2HQ4ICGs7aG0tHh+3Ljg5U/xNCR5NY6LXdVbaLzSshJxgCIDBb8Yap8BvKl+VKtDEH/M2ted4XgbxSWaHP9GpSj5s8Tc0nIu5cKbmbmF/e1Eg3oByGKatVOJWI+XRx2NHc5QbM0PVVZmLHYP5RJjVjntiYPI7RtwR/s7hLIdMTzQvFSvmktAwe/q+vmNeanfapvb9GM46tFwQX1adw85FqoDiZhTRWsW6oSJaw5UJkJsNczqw4G3ujiu0CQyqqF4L7tscLt2Cd+1K3duUm4PtKu5kDq3bl8Ewzv30NGb5JWaAFZc9t3oG+ldCPEYOnWo+QpcE= wolin@wolinubuntu\n"
            },
            "metadata_options": [
              {
                "aws_v1_http_endpoint": 1,
                "aws_v1_http_token": 2,
                "gce_http_endpoint": 1,
                "gce_http_token": 1
              }
            ],
            "name": "node05",
            "network_acceleration_type": "standard",
            "network_interface": [
              {
                "dns_record": [],
                "index": 0,
                "ip_address": "192.168.101.15",
                "ipv4": true,
                "ipv6": false,
                "ipv6_address": "",
                "ipv6_dns_record": [],
                "mac_address": "d0:0d:13:3f:fb:c2",
                "nat": true,
                "nat_dns_record": [],
                "nat_ip_address": "158.160.114.64",
                "nat_ip_version": "IPV4",
                "security_group_ids": [],
                "subnet_id": "e9bfgsv8onotbjbb5hlc"
              }
            ],
            "placement_policy": [
              {
                "host_affinity_rules": [],
                "placement_group_id": ""
              }
            ],
            "platform_id": "standard-v1",
            "resources": [
              {
                "core_fraction": 100,
                "cores": 4,
                "gpus": 0,
                "memory": 8
              }
            ],
            "scheduling_policy": [
              {
                "preemptible": false
              }
            ],
            "secondary_disk": [],
            "service_account_id": "",
            "status": "running",
            "timeouts": null,
            "zone": "ru-central1-a"
          },
          "sensitive_attributes": [],
          "private": "eyJlMmJmYjczMC1lY2FhLTExZTYtOGY4OC0zNDM2M2JjN2M0YzAiOnsiY3JlYXRlIjozMDAwMDAwMDAwMDAsImRlbGV0ZSI6MzAwMDAwMDAwMDAwLCJ1cGRhdGUiOjMwMDAwMDAwMDAwMH0sInNjaGVtYV92ZXJzaW9uIjoiMSJ9",
          "dependencies": [
            "yandex_vpc_network.default",
            "yandex_vpc_subnet.default"
          ]
        }
      ]
    },
    {
      "mode": "managed",
      "type": "yandex_compute_instance",
      "name": "node06",
      "provider": "provider[\"registry.terraform.io/yandex-cloud/yandex\"]",
      "instances": [
        {
          "schema_version": 1,
          "attributes": {
            "allow_recreate": null,
            "allow_stopping_for_update": true,
            "boot_disk": [
              {
                "auto_delete": true,
                "device_name": "fhmku6g4eqq8894rmgp1",
                "disk_id": "fhmku6g4eqq8894rmgp1",
                "initialize_params": [
                  {
                    "block_size": 4096,
                    "description": "",
                    "image_id": "fd8dug9jb3hl8fbv0na8",
                    "name": "root-node06",
                    "size": 40,
                    "snapshot_id": "",
                    "type": "network-ssd"
                  }
                ],
                "mode": "READ_WRITE"
              }
            ],
            "created_at": "2023-09-18T10:00:51Z",
            "description": "",
            "filesystem": [],
            "folder_id": "b1ggvhbs15psoc1vgtkc",
            "fqdn": "node06.netology.yc",
            "gpu_cluster_id": "",
            "hostname": "node06.netology.yc",
            "id": "fhm321hq6j7dsgk6ls37",
            "labels": null,
            "local_disk": [],
            "metadata": {
              "ssh-keys": "centos:ssh-rsa AAAAB3NzaC1yc2EAAAADAQABAAABgQCviNBndRlq+qnafLeHTuAerZD0Dk1iq92oRyuKygbF1XhWSyt9qyHzJvpoqqzHz9ie8dQbUcPfvWz5z+V3pjxBMA8bc7fPLUvolJNH/4rdUY3/yOw1govWtKPQtFKHF7A31nSK9k/OFbU66KlKbrAbE8+MhZy2rLg4ojfK1Y4WF2qbAh952W6uf94p8w2HQ4ICGs7aG0tHh+3Ljg5U/xNCR5NY6LXdVbaLzSshJxgCIDBb8Yap8BvKl+VKtDEH/M2ted4XgbxSWaHP9GpSj5s8Tc0nIu5cKbmbmF/e1Eg3oByGKatVOJWI+XRx2NHc5QbM0PVVZmLHYP5RJjVjntiYPI7RtwR/s7hLIdMTzQvFSvmktAwe/q+vmNeanfapvb9GM46tFwQX1adw85FqoDiZhTRWsW6oSJaw5UJkJsNczqw4G3ujiu0CQyqqF4L7tscLt2Cd+1K3duUm4PtKu5kDq3bl8Ewzv30NGb5JWaAFZc9t3oG+ldCPEYOnWo+QpcE= wolin@wolinubuntu\n"
            },
            "metadata_options": [
              {
                "aws_v1_http_endpoint": 1,
                "aws_v1_http_token": 2,
                "gce_http_endpoint": 1,
                "gce_http_token": 1
              }
            ],
            "name": "node06",
            "network_acceleration_type": "standard",
            "network_interface": [
              {
                "dns_record": [],
                "index": 0,
                "ip_address": "192.168.101.16",
                "ipv4": true,
                "ipv6": false,
                "ipv6_address": "",
                "ipv6_dns_record": [],
                "mac_address": "d0:0d:31:06:3a:34",
                "nat": true,
                "nat_dns_record": [],
                "nat_ip_address": "158.160.112.194",
                "nat_ip_version": "IPV4",
                "security_group_ids": [],
                "subnet_id": "e9bfgsv8onotbjbb5hlc"
              }
            ],
            "placement_policy": [
              {
                "host_affinity_rules": [],
                "placement_group_id": ""
              }
            ],
            "platform_id": "standard-v1",
            "resources": [
              {
                "core_fraction": 100,
                "cores": 4,
                "gpus": 0,
                "memory": 8
              }
            ],
            "scheduling_policy": [
              {
                "preemptible": false
              }
            ],
            "secondary_disk": [],
            "service_account_id": "",
            "status": "running",
            "timeouts": null,
            "zone": "ru-central1-a"
          },
          "sensitive_attributes": [],
          "private": "eyJlMmJmYjczMC1lY2FhLTExZTYtOGY4OC0zNDM2M2JjN2M0YzAiOnsiY3JlYXRlIjozMDAwMDAwMDAwMDAsImRlbGV0ZSI6MzAwMDAwMDAwMDAwLCJ1cGRhdGUiOjMwMDAwMDAwMDAwMH0sInNjaGVtYV92ZXJzaW9uIjoiMSJ9",
          "dependencies": [
            "yandex_vpc_network.default",
            "yandex_vpc_subnet.default"
          ]
        }
      ]
    },
    {
      "mode": "managed",
      "type": "yandex_vpc_network",
      "name": "default",
      "provider": "provider[\"registry.terraform.io/yandex-cloud/yandex\"]",
      "instances": [
        {
          "schema_version": 0,
          "attributes": {
            "created_at": "2023-09-18T10:00:47Z",
            "default_security_group_id": "enpg8l9sde60pukuhkm4",
            "description": "",
            "folder_id": "b1ggvhbs15psoc1vgtkc",
            "id": "enp8akpl1qji7ss52suk",
            "labels": {},
            "name": "net",
            "subnet_ids": [],
            "timeouts": null
          },
          "sensitive_attributes": [],
          "private": "eyJlMmJmYjczMC1lY2FhLTExZTYtOGY4OC0zNDM2M2JjN2M0YzAiOnsiY3JlYXRlIjo2MDAwMDAwMDAwMCwiZGVsZXRlIjo2MDAwMDAwMDAwMCwidXBkYXRlIjo2MDAwMDAwMDAwMH19"
        }
      ]
    },
    {
      "mode": "managed",
      "type": "yandex_vpc_subnet",
      "name": "default",
      "provider": "provider[\"registry.terraform.io/yandex-cloud/yandex\"]",
      "instances": [
        {
          "schema_version": 0,
          "attributes": {
            "created_at": "2023-09-18T10:00:49Z",
            "description": "",
            "dhcp_options": [],
            "folder_id": "b1ggvhbs15psoc1vgtkc",
            "id": "e9bfgsv8onotbjbb5hlc",
            "labels": {},
            "name": "subnet",
            "network_id": "enp8akpl1qji7ss52suk",
            "route_table_id": "",
            "timeouts": null,
            "v4_cidr_blocks": [
              "192.168.101.0/24"
            ],
            "v6_cidr_blocks": [],
            "zone": "ru-central1-a"
          },
          "sensitive_attributes": [],
          "private": "eyJlMmJmYjczMC1lY2FhLTExZTYtOGY4OC0zNDM2M2JjN2M0YzAiOnsiY3JlYXRlIjoxODAwMDAwMDAwMDAsImRlbGV0ZSI6MTgwMDAwMDAwMDAwLCJ1cGRhdGUiOjE4MDAwMDAwMDAwMH19",
          "dependencies": [
            "yandex_vpc_network.default"
          ]
        }
      ]
    }
  ],
  "check_results": null
}
